
Microsoft Visual Studio Solution File, Format Version 11.00
# Visual Studio 2010
Project("{FAE04EC0-301F-11D3-BF4B-00C04F79EFBC}") = "Intersection", "Assembly-CSharp.csproj", "{CBF0EA1C-27F4-8642-8C27-C8863848EC03}"
EndProject
Global
	GlobalSection(SolutionConfigurationPlatforms) = preSolution
		Debug|Any CPU = Debug|Any CPU
		Release|Any CPU = Release|Any CPU
	EndGlobalSection
	GlobalSection(ProjectConfigurationPlatforms) = postSolution
		{CBF0EA1C-27F4-8642-8C27-C8863848EC03}.Debug|Any CPU.ActiveCfg = Debug|Any CPU
		{CBF0EA1C-27F4-8642-8C27-C8863848EC03}.Debug|Any CPU.Build.0 = Debug|Any CPU
		{CBF0EA1C-27F4-8642-8C27-C8863848EC03}.Release|Any CPU.ActiveCfg = Release|Any CPU
		{CBF0EA1C-27F4-8642-8C27-C8863848EC03}.Release|Any CPU.Build.0 = Release|Any CPU
	EndGlobalSection
	GlobalSection(SolutionProperties) = preSolution
		HideSolutionNode = FALSE
	EndGlobalSection
	GlobalSection(MonoDevelopProperties) = preSolution
		StartupItem = Assembly-CSharp.csproj
	EndGlobalSection
EndGlobal
